
Microsoft Visual Studio Solution File, Format Version 12.00
# Visual Studio Version 17
VisualStudioVersion = 17.5.2.0
MinimumVisualStudioVersion = 10.0.40219.1
Project("{FAE04EC0-301F-11D3-BF4B-00C04F79EFBC}") = "ISP_Audit", "ISP_Audit.csproj", "{03354067-972B-6800-EA29-65531A063371}"
EndProject
Project("{FAE04EC0-301F-11D3-BF4B-00C04F79EFBC}") = "ISP_Audit.UITests", "ISP_Audit.UITests\ISP_Audit.UITests.csproj", "{B7279C2C-420A-4270-A39A-DF130C78D2CE}"
EndProject
Global
	GlobalSection(SolutionConfigurationPlatforms) = preSolution
		Debug|Any CPU = Debug|Any CPU
		Debug|x64 = Debug|x64
		Debug|x86 = Debug|x86
		Release|Any CPU = Release|Any CPU
		Release|x64 = Release|x64
		Release|x86 = Release|x86
	EndGlobalSection
	GlobalSection(ProjectConfigurationPlatforms) = postSolution
		{03354067-972B-6800-EA29-65531A063371}.Debug|Any CPU.ActiveCfg = Debug|Any CPU
		{03354067-972B-6800-EA29-65531A063371}.Debug|Any CPU.Build.0 = Debug|Any CPU
		{03354067-972B-6800-EA29-65531A063371}.Debug|x64.ActiveCfg = Debug|Any CPU
		{03354067-972B-6800-EA29-65531A063371}.Debug|x64.Build.0 = Debug|Any CPU
		{03354067-972B-6800-EA29-65531A063371}.Debug|x86.ActiveCfg = Debug|Any CPU
		{03354067-972B-6800-EA29-65531A063371}.Debug|x86.Build.0 = Debug|Any CPU
		{03354067-972B-6800-EA29-65531A063371}.Release|Any CPU.ActiveCfg = Release|Any CPU
		{03354067-972B-6800-EA29-65531A063371}.Release|Any CPU.Build.0 = Release|Any CPU
		{03354067-972B-6800-EA29-65531A063371}.Release|x64.ActiveCfg = Release|Any CPU
		{03354067-972B-6800-EA29-65531A063371}.Release|x64.Build.0 = Release|Any CPU
		{03354067-972B-6800-EA29-65531A063371}.Release|x86.ActiveCfg = Release|Any CPU
		{03354067-972B-6800-EA29-65531A063371}.Release|x86.Build.0 = Release|Any CPU
		{B7279C2C-420A-4270-A39A-DF130C78D2CE}.Debug|Any CPU.ActiveCfg = Debug|Any CPU
		{B7279C2C-420A-4270-A39A-DF130C78D2CE}.Debug|Any CPU.Build.0 = Debug|Any CPU
		{B7279C2C-420A-4270-A39A-DF130C78D2CE}.Debug|x64.ActiveCfg = Debug|Any CPU
		{B7279C2C-420A-4270-A39A-DF130C78D2CE}.Debug|x64.Build.0 = Debug|Any CPU
		{B7279C2C-420A-4270-A39A-DF130C78D2CE}.Debug|x86.ActiveCfg = Debug|Any CPU
		{B7279C2C-420A-4270-A39A-DF130C78D2CE}.Debug|x86.Build.0 = Debug|Any CPU
		{B7279C2C-420A-4270-A39A-DF130C78D2CE}.Release|Any CPU.ActiveCfg = Release|Any CPU
		{B7279C2C-420A-4270-A39A-DF130C78D2CE}.Release|Any CPU.Build.0 = Release|Any CPU
		{B7279C2C-420A-4270-A39A-DF130C78D2CE}.Release|x64.ActiveCfg = Release|Any CPU
		{B7279C2C-420A-4270-A39A-DF130C78D2CE}.Release|x64.Build.0 = Release|Any CPU
		{B7279C2C-420A-4270-A39A-DF130C78D2CE}.Release|x86.ActiveCfg = Release|Any CPU
		{B7279C2C-420A-4270-A39A-DF130C78D2CE}.Release|x86.Build.0 = Release|Any CPU
	EndGlobalSection
	GlobalSection(SolutionProperties) = preSolution
		HideSolutionNode = FALSE
	EndGlobalSection
	GlobalSection(ExtensibilityGlobals) = postSolution
		SolutionGuid = {7F302361-1DE7-4D95-9B7B-838AD209E85E}
	EndGlobalSection
EndGlobal
